
Microsoft Visual Studio Solution File, Format Version 12.00
# Visual Studio 2012
Project("{FAE04EC0-301F-11D3-BF4B-00C04F79EFBC}") = "DANGKY", "DANGKY\DANGKY.csproj", "{94C266C7-5ED0-4B67-B485-5864C6AE41DD}"
EndProject
Global
	GlobalSection(SolutionConfigurationPlatforms) = preSolution
		Debug|Any CPU = Debug|Any CPU
		Release|Any CPU = Release|Any CPU
	EndGlobalSection
	GlobalSection(ProjectConfigurationPlatforms) = postSolution
		{94C266C7-5ED0-4B67-B485-5864C6AE41DD}.Debug|Any CPU.ActiveCfg = Debug|Any CPU
		{94C266C7-5ED0-4B67-B485-5864C6AE41DD}.Debug|Any CPU.Build.0 = Debug|Any CPU
		{94C266C7-5ED0-4B67-B485-5864C6AE41DD}.Release|Any CPU.ActiveCfg = Release|Any CPU
		{94C266C7-5ED0-4B67-B485-5864C6AE41DD}.Release|Any CPU.Build.0 = Release|Any CPU
	EndGlobalSection
	GlobalSection(SolutionProperties) = preSolution
		HideSolutionNode = FALSE
	EndGlobalSection
EndGlobal
